{
  "name": "shopify-apps",
  "version": "0.1.0",
  "lockfileVersion": 3,
  "requires": true,
  "packages": {
    "": {
      "name": "shopify-apps",
      "version": "0.1.0",
      "workspaces": [
        "packages/*",
        "apps/*"
      ],
      "engines": {
        "node": ">=20"
      }
    },
    "node_modules/@factory/core": {
      "resolved": "packages/core",
      "link": true
    },
    "node_modules/@factory/function-kit": {
      "resolved": "packages/function-kit",
      "link": true
    },
    "node_modules/@remix-run/react": {
      "version": "2.17.5",
      "resolved": "https://registry.npmjs.org/@remix-run/react/-/react-2.17.5.tgz",
      "integrity": "sha512-ya6OQ+T9yS4u8www75f4dH11NIYeK8K0eMrei+q4BTp6NrY2lqLTBfHqVlc23ZsUnWqdLUII4hzySVv+AJbTWA==",
      "license": "MIT",
      "peer": true,
      "dependencies": {
        "@remix-run/router": "1.23.3",
        "@remix-run/server-runtime": "2.17.5",
        "react-router": "6.30.4",
        "react-router-dom": "6.30.4",
        "turbo-stream": "2.4.1"
      },
      "engines": {
        "node": ">=18.0.0"
      },
      "peerDependencies": {
        "react": "^18.0.0",
        "react-dom": "^18.0.0",
        "typescript": "^5.1.0"
      },
      "peerDependenciesMeta": {
        "typescript": {
          "optional": true
        }
      }
    },
    "node_modules/@remix-run/router": {
      "version": "1.23.3",
      "resolved": "https://registry.npmjs.org/@remix-run/router/-/router-1.23.3.tgz",
      "integrity": "sha512-4An71tdz9X8+3sI4Qqqd2LWd9vS39J7sqd9EU4Scw7TJE/qB10Flv/UuqbPVgfQV9XoK8Np6jNquZitnZq5i+Q==",
      "license": "MIT",
      "peer": true,
      "engines": {
        "node": ">=14.0.0"
      }
    },
    "node_modules/@remix-run/server-runtime": {
      "version": "2.17.5",
      "resolved": "https://registry.npmjs.org/@remix-run/server-runtime/-/server-runtime-2.17.5.tgz",
      "integrity": "sha512-SyJ5n2pQyo4ERGvjjLvL2PpRWBzlC2qzO5KkkOE2ygOiNcgOu9WQnnom9GI8KgsTRCO8JnIeLHFRcmxZnVBjfw==",
      "license": "MIT",
      "peer": true,
      "dependencies": {
        "@remix-run/router": "1.23.3",
        "@types/cookie": "^0.6.0",
        "@web3-storage/multipart-parser": "^1.0.0",
        "cookie": "^0.7.2",
        "set-cookie-parser": "^2.4.8",
        "source-map": "^0.7.3",
        "turbo-stream": "2.4.1"
      },
      "engines": {
        "node": ">=18.0.0"
      },
      "peerDependencies": {
        "typescript": "^5.1.0"
      },
      "peerDependenciesMeta": {
        "typescript": {
          "optional": true
        }
      }
    },
    "node_modules/@shopify/admin-api-client": {
      "version": "1.1.2",
      "resolved": "https://registry.npmjs.org/@shopify/admin-api-client/-/admin-api-client-1.1.2.tgz",
      "integrity": "sha512-sV5gS8x4kj0KLULlOJkoBzm+tu6tn+1PCK9a6inySv5qtzmf/JxDWtLgaW9vRXeXHo/Sl/p3mBWhY3//fKA8iw==",
      "license": "MIT",
      "peer": true,
      "dependencies": {
        "@shopify/graphql-client": "^1.4.2"
      }
    },
    "node_modules/@shopify/graphql-client": {
      "version": "1.4.2",
      "resolved": "https://registry.npmjs.org/@shopify/graphql-client/-/graphql-client-1.4.2.tgz",
      "integrity": "sha512-C/fEyx6BZmTGeJv0HSsduhfn5ZbkXk0nePkyo0+xXxorP1I+uvx9pobdFxTfiPnOrh+P6QiKzBgIviksnSo4YA==",
      "license": "MIT",
      "peer": true
    },
    "node_modules/@shopify/shopify-api": {
      "version": "13.1.0",
      "resolved": "https://registry.npmjs.org/@shopify/shopify-api/-/shopify-api-13.1.0.tgz",
      "integrity": "sha512-TwYL9kPxOgQwwlc9tmnAmSDs79Gdg9QLaIMCfkaCJxkhWxIHVkPWa74GvbBwnmTtB8jkg61Ja4/Qxrk9bCBUiA==",
      "license": "MIT",
      "peer": true,
      "dependencies": {
        "@shopify/admin-api-client": "^1.1.2",
        "@shopify/graphql-client": "^1.4.2",
        "@shopify/storefront-api-client": "^1.0.10",
        "compare-versions": "^6.1.1",
        "isbot": "^5.1.40",
        "jose": "^5.9.6",
        "lossless-json": "^4.3.0",
        "tslib": "^2.8.1"
      },
      "engines": {
        "node": ">=20.0.0"
      }
    },
    "node_modules/@shopify/shopify-app-remix": {
      "version": "4.2.1",
      "resolved": "https://registry.npmjs.org/@shopify/shopify-app-remix/-/shopify-app-remix-4.2.1.tgz",
      "integrity": "sha512-R9hgzugYKkJCRFwe9AuN8eheIhB3HrqbVKQ74RI5CEQdsyXqjC5XLFdpixMvodlXtIgINtkquuP8qxzHznpIHQ==",
      "license": "MIT",
      "peer": true,
      "dependencies": {
        "@remix-run/server-runtime": "^2.17.5",
        "@shopify/admin-api-client": "^1.1.2",
        "@shopify/shopify-api": "^13.1.0",
        "@shopify/shopify-app-session-storage": "^5.0.1",
        "@shopify/storefront-api-client": "^1.0.10",
        "compare-versions": "^6.1.1",
        "isbot": "^5.1.40"
      },
      "engines": {
        "node": ">=20.10.0"
      },
      "peerDependencies": {
        "@remix-run/node": "*",
        "@remix-run/react": "*",
        "@shopify/polaris": "*",
        "react": "*"
      },
      "peerDependenciesMeta": {
        "@remix-run/node": {
          "optional": true
        },
        "@shopify/polaris": {
          "optional": true
        }
      }
    },
    "node_modules/@shopify/shopify-app-session-storage": {
      "version": "5.0.1",
      "resolved": "https://registry.npmjs.org/@shopify/shopify-app-session-storage/-/shopify-app-session-storage-5.0.1.tgz",
      "integrity": "sha512-VL66qkz2w1x5hH14v+swFZAnN36VrFuVi/Lc6FkLTJxCSvSu4fPNYn04kjIxGykgsRb7trLBXC7mF3j8yDUFeA==",
      "license": "MIT",
      "peer": true,
      "peerDependencies": {
        "@shopify/shopify-api": "^13.0.0"
      }
    },
    "node_modules/@shopify/storefront-api-client": {
      "version": "1.0.10",
      "resolved": "https://registry.npmjs.org/@shopify/storefront-api-client/-/storefront-api-client-1.0.10.tgz",
      "integrity": "sha512-A0ItFW58L5+y/jnnJDEsmt2YcQSt2BG+pNoQOYRpPBJaOLpTj7A13q1QVrE5XYVGZCA6ZQ6FqAtgosHHrkut0Q==",
      "license": "MIT",
      "peer": true,
      "dependencies": {
        "@shopify/graphql-client": "^1.4.2"
      }
    },
    "node_modules/@types/cookie": {
      "version": "0.6.0",
      "resolved": "https://registry.npmjs.org/@types/cookie/-/cookie-0.6.0.tgz",
      "integrity": "sha512-4Kh9a6B2bQciAhf7FSuMRRkUWecJgJu9nPnx3yzpsfXX/c50REIqpHY4C82bXP90qrLtXtkDxTZosYO3UpOwlA==",
      "license": "MIT",
      "peer": true
    },
    "node_modules/@web3-storage/multipart-parser": {
      "version": "1.0.0",
      "resolved": "https://registry.npmjs.org/@web3-storage/multipart-parser/-/multipart-parser-1.0.0.tgz",
      "integrity": "sha512-BEO6al7BYqcnfX15W2cnGR+Q566ACXAT9UQykORCWW80lmkpWsnEob6zJS1ZVBKsSJC8+7vJkHwlp+lXG1UCdw==",
      "license": "(Apache-2.0 AND MIT)",
      "peer": true
    },
    "node_modules/compare-versions": {
      "version": "6.1.1",
      "resolved": "https://registry.npmjs.org/compare-versions/-/compare-versions-6.1.1.tgz",
      "integrity": "sha512-4hm4VPpIecmlg59CHXnRDnqGplJFrbLG4aFEl5vl6cK1u76ws3LLvX7ikFnTDl5vo39sjWD6AaDPYodJp/NNHg==",
      "license": "MIT",
      "peer": true
    },
    "node_modules/cookie": {
      "version": "0.7.2",
      "resolved": "https://registry.npmjs.org/cookie/-/cookie-0.7.2.tgz",
      "integrity": "sha512-yki5XnKuf750l50uGTllt6kKILY4nQ1eNIQatoXEByZ5dWgnKqbnqmTrBE5B4N7lrMJKQ2ytWMiTO2o0v6Ew/w==",
      "license": "MIT",
      "peer": true,
      "engines": {
        "node": ">= 0.6"
      }
    },
    "node_modules/isbot": {
      "version": "5.1.44",
      "resolved": "https://registry.npmjs.org/isbot/-/isbot-5.1.44.tgz",
      "integrity": "sha512-PGEHtwMnKbZpeSEXW2Utx+/JWed7dp6DiH0WWg33vGSDA7RUvpUeJSVlLrVkQ1RCpvDOUc/eH9ql7VsdbBZ8pA==",
      "license": "Unlicense",
      "peer": true,
      "engines": {
        "node": ">=18"
      }
    },
    "node_modules/jose": {
      "version": "5.10.0",
      "resolved": "https://registry.npmjs.org/jose/-/jose-5.10.0.tgz",
      "integrity": "sha512-s+3Al/p9g32Iq+oqXxkW//7jk2Vig6FF1CFqzVXoTUXt2qz89YWbL+OwS17NFYEvxC35n0FKeGO2LGYSxeM2Gg==",
      "license": "MIT",
      "peer": true,
      "funding": {
        "url": "https://github.com/sponsors/panva"
      }
    },
    "node_modules/js-tokens": {
      "version": "4.0.0",
      "resolved": "https://registry.npmjs.org/js-tokens/-/js-tokens-4.0.0.tgz",
      "integrity": "sha512-RdJUflcE3cUzKiMqQgsCu06FPu9UdIJO0beYbPhHN4k6apgJtifcoCtT9bcxOpYBtpD2kCM6Sbzg4CausW/PKQ==",
      "license": "MIT",
      "peer": true
    },
    "node_modules/loose-envify": {
      "version": "1.4.0",
      "resolved": "https://registry.npmjs.org/loose-envify/-/loose-envify-1.4.0.tgz",
      "integrity": "sha512-lyuxPGr/Wfhrlem2CL/UcnUc1zcqKAImBDzukY7Y5F/yQiNdko6+fRLevlw1HgMySw7f611UIY408EtxRSoK3Q==",
      "license": "MIT",
      "peer": true,
      "dependencies": {
        "js-tokens": "^3.0.0 || ^4.0.0"
      },
      "bin": {
        "loose-envify": "cli.js"
      }
    },
    "node_modules/lossless-json": {
      "version": "4.3.0",
      "resolved": "https://registry.npmjs.org/lossless-json/-/lossless-json-4.3.0.tgz",
      "integrity": "sha512-ToxOC+SsduRmdSuoLZLYAr5zy1Qu7l5XhmPWM3zefCZ5IcrzW/h108qbJUKfOlDlhvhjUK84+8PSVX0kxnit0g==",
      "license": "MIT",
      "peer": true
    },
    "node_modules/react": {
      "version": "18.3.1",
      "resolved": "https://registry.npmjs.org/react/-/react-18.3.1.tgz",
      "integrity": "sha512-wS+hAgJShR0KhEvPJArfuPVN1+Hz1t0Y6n5jLrGQbkb4urgPE/0Rve+1kMB1v/oWgHgm4WIcV+i7F2pTVj+2iQ==",
      "license": "MIT",
      "peer": true,
      "dependencies": {
        "loose-envify": "^1.1.0"
      },
      "engines": {
        "node": ">=0.10.0"
      }
    },
    "node_modules/react-dom": {
      "version": "18.3.1",
      "resolved": "https://registry.npmjs.org/react-dom/-/react-dom-18.3.1.tgz",
      "integrity": "sha512-5m4nQKp+rZRb09LNH59GM4BxTh9251/ylbKIbpe7TpGxfJ+9kv6BLkLBXIjjspbgbnIBNqlI23tRnTWT0snUIw==",
      "license": "MIT",
      "peer": true,
      "dependencies": {
        "loose-envify": "^1.1.0",
        "scheduler": "^0.23.2"
      },
      "peerDependencies": {
        "react": "^18.3.1"
      }
    },
    "node_modules/react-router": {
      "version": "6.30.4",
      "resolved": "https://registry.npmjs.org/react-router/-/react-router-6.30.4.tgz",
      "integrity": "sha512-SVUsDe+DybHM/WmYKIVYhZh1o5Dcuf16yM6WjG02Q9XVFMZIJyHYhwrr6bFBXZkVP6z69kNkMyBCujt8FaFLJA==",
      "license": "MIT",
      "peer": true,
      "dependencies": {
        "@remix-run/router": "1.23.3"
      },
      "engines": {
        "node": ">=14.0.0"
      },
      "peerDependencies": {
        "react": ">=16.8"
      }
    },
    "node_modules/react-router-dom": {
      "version": "6.30.4",
      "resolved": "https://registry.npmjs.org/react-router-dom/-/react-router-dom-6.30.4.tgz",
      "integrity": "sha512-q4HvNl+mmDdkS0g+MqiBZNteQJCuimWoOyHMy4T/RQLAn9Z29+E91QXRaxOujeMl2HTzRSS0KFPd7lxX3PjV0Q==",
      "license": "MIT",
      "peer": true,
      "dependencies": {
        "@remix-run/router": "1.23.3",
        "react-router": "6.30.4"
      },
      "engines": {
        "node": ">=14.0.0"
      },
      "peerDependencies": {
        "react": ">=16.8",
        "react-dom": ">=16.8"
      }
    },
    "node_modules/scheduler": {
      "version": "0.23.2",
      "resolved": "https://registry.npmjs.org/scheduler/-/scheduler-0.23.2.tgz",
      "integrity": "sha512-UOShsPwz7NrMUqhR6t0hWjFduvOzbtv7toDH1/hIrfRNIDBnnBWd0CwJTGvTpngVlmwGCdP9/Zl/tVrDqcuYzQ==",
      "license": "MIT",
      "peer": true,
      "dependencies": {
        "loose-envify": "^1.1.0"
      }
    },
    "node_modules/set-cookie-parser": {
      "version": "2.7.2",
      "resolved": "https://registry.npmjs.org/set-cookie-parser/-/set-cookie-parser-2.7.2.tgz",
      "integrity": "sha512-oeM1lpU/UvhTxw+g3cIfxXHyJRc/uidd3yK1P242gzHds0udQBYzs3y8j4gCCW+ZJ7ad0yctld8RYO+bdurlvw==",
      "license": "MIT",
      "peer": true
    },
    "node_modules/source-map": {
      "version": "0.7.6",
      "resolved": "https://registry.npmjs.org/source-map/-/source-map-0.7.6.tgz",
      "integrity": "sha512-i5uvt8C3ikiWeNZSVZNWcfZPItFQOsYTUAOkcUPGd8DqDy1uOUikjt5dG+uRlwyvR108Fb9DOd4GvXfT0N2/uQ==",
      "license": "BSD-3-Clause",
      "peer": true,
      "engines": {
        "node": ">= 12"
      }
    },
    "node_modules/tslib": {
      "version": "2.8.1",
      "resolved": "https://registry.npmjs.org/tslib/-/tslib-2.8.1.tgz",
      "integrity": "sha512-oJFu94HQb+KVduSUQL7wnpmqnfmLsOA/nAh6b6EH0wCEoK0/mPeXU6c3wKDV83MkOuHPRHtSXKKU99IBazS/2w==",
      "license": "0BSD",
      "peer": true
    },
    "node_modules/turbo-stream": {
      "version": "2.4.1",
      "resolved": "https://registry.npmjs.org/turbo-stream/-/turbo-stream-2.4.1.tgz",
      "integrity": "sha512-v8kOJXpG3WoTN/+at8vK7erSzo6nW6CIaeOvNOkHQVDajfz1ZVeSxCbc6tOH4hrGZW7VUCV0TOXd8CPzYnYkrw==",
      "license": "ISC",
      "peer": true
    },
    "node_modules/typescript": {
      "version": "5.9.3",
      "resolved": "https://registry.npmjs.org/typescript/-/typescript-5.9.3.tgz",
      "integrity": "sha512-jl1vZzPDinLr9eUt3J/t7V6FgNEw9QjvBPdysz9KfQDD41fQrC2Y4vKQdiaUpFT4bXlb1RHhLpp8wtm6M5TgSw==",
      "devOptional": true,
      "license": "Apache-2.0",
      "bin": {
        "tsc": "bin/tsc",
        "tsserver": "bin/tsserver"
      },
      "engines": {
        "node": ">=14.17"
      }
    },
    "packages/core": {
      "name": "@factory/core",
      "version": "0.1.0",
      "devDependencies": {
        "typescript": "^5.5.0"
      },
      "peerDependencies": {
        "@shopify/shopify-api": ">=11",
        "@shopify/shopify-app-remix": ">=3"
      }
    },
    "packages/function-kit": {
      "name": "@factory/function-kit",
      "version": "0.1.0",
      "devDependencies": {
        "typescript": "^5.5.0"
      }
    }
  }
}
